{
  "name": "github-actions-template",
  "lockfileVersion": 3,
  "requires": true,
  "packages": {
    "": {
      "dependencies": {
        "pbcopy": "^0.0.1"
      }
    },
    "node_modules/pbcopy": {
      "version": "0.0.1",
      "resolved": "https://registry.npmjs.org/pbcopy/-/pbcopy-0.0.1.tgz",
      "integrity": "sha512-04t9Jov5Mo6e31uRRz5JcujgxKKHateawPJmJL6Nj7oabPFh2c4Tgwg0aRfnEIGk8oBerc89B8fGKqo3c/R45Q==",
      "license": "MIT"
    }
  }
}
